
Microsoft Visual Studio Solution File, Format Version 12.00
# Visual Studio Version 17
VisualStudioVersion = 17.14.37027.9 d17.14
MinimumVisualStudioVersion = 10.0.40219.1
Project("{FAE04EC0-301F-11D3-BF4B-00C04F79EFBC}") = "Beddin.Domain", "Beddin.Domain\Beddin.Domain.csproj", "{BFE76E1B-0874-4ACC-AF00-D6F68A62EB94}"
EndProject
Project("{FAE04EC0-301F-11D3-BF4B-00C04F79EFBC}") = "Beddin.Application", "Beddin.Application\Beddin.Application.csproj", "{ACC7948A-AA04-4C5F-9BEA-45BAEF055403}"
EndProject
Project("{FAE04EC0-301F-11D3-BF4B-00C04F79EFBC}") = "Beddin.Infrastructure", "Beddin.Infrastructure\Beddin.Infrastructure.csproj", "{781F2575-8B8D-4AD3-9445-FA3CDE705536}"
EndProject
Project("{FAE04EC0-301F-11D3-BF4B-00C04F79EFBC}") = "Beddin.API", "Beddin.API\Beddin.API.csproj", "{0913EA20-ED8C-4C51-9E03-4F01672F796A}"
EndProject
Global
	GlobalSection(SolutionConfigurationPlatforms) = preSolution
		Debug|Any CPU = Debug|Any CPU
		Release|Any CPU = Release|Any CPU
	EndGlobalSection
	GlobalSection(ProjectConfigurationPlatforms) = postSolution
		{BFE76E1B-0874-4ACC-AF00-D6F68A62EB94}.Debug|Any CPU.ActiveCfg = Debug|Any CPU
		{BFE76E1B-0874-4ACC-AF00-D6F68A62EB94}.Debug|Any CPU.Build.0 = Debug|Any CPU
		{BFE76E1B-0874-4ACC-AF00-D6F68A62EB94}.Release|Any CPU.ActiveCfg = Release|Any CPU
		{BFE76E1B-0874-4ACC-AF00-D6F68A62EB94}.Release|Any CPU.Build.0 = Release|Any CPU
		{ACC7948A-AA04-4C5F-9BEA-45BAEF055403}.Debug|Any CPU.ActiveCfg = Debug|Any CPU
		{ACC7948A-AA04-4C5F-9BEA-45BAEF055403}.Debug|Any CPU.Build.0 = Debug|Any CPU
		{ACC7948A-AA04-4C5F-9BEA-45BAEF055403}.Release|Any CPU.ActiveCfg = Release|Any CPU
		{ACC7948A-AA04-4C5F-9BEA-45BAEF055403}.Release|Any CPU.Build.0 = Release|Any CPU
		{781F2575-8B8D-4AD3-9445-FA3CDE705536}.Debug|Any CPU.ActiveCfg = Debug|Any CPU
		{781F2575-8B8D-4AD3-9445-FA3CDE705536}.Debug|Any CPU.Build.0 = Debug|Any CPU
		{781F2575-8B8D-4AD3-9445-FA3CDE705536}.Release|Any CPU.ActiveCfg = Release|Any CPU
		{781F2575-8B8D-4AD3-9445-FA3CDE705536}.Release|Any CPU.Build.0 = Release|Any CPU
		{0913EA20-ED8C-4C51-9E03-4F01672F796A}.Debug|Any CPU.ActiveCfg = Debug|Any CPU
		{0913EA20-ED8C-4C51-9E03-4F01672F796A}.Debug|Any CPU.Build.0 = Debug|Any CPU
		{0913EA20-ED8C-4C51-9E03-4F01672F796A}.Release|Any CPU.ActiveCfg = Release|Any CPU
		{0913EA20-ED8C-4C51-9E03-4F01672F796A}.Release|Any CPU.Build.0 = Release|Any CPU
	EndGlobalSection
	GlobalSection(SolutionProperties) = preSolution
		HideSolutionNode = FALSE
	EndGlobalSection
	GlobalSection(ExtensibilityGlobals) = postSolution
		SolutionGuid = {F9CE5BA2-6505-4C7B-871E-E8F12A7E534D}
	EndGlobalSection
EndGlobal
